
Microsoft Visual Studio Solution File, Format Version 12.00
Project("{FAE04EC0-301F-11D3-BF4B-00C04F79EFBC}") = "HistorianHysteria", "HistorianHysteria.csproj", "{6EB52BB9-8196-49D9-8E15-57DD584D8028}"
EndProject
Global
	GlobalSection(SolutionConfigurationPlatforms) = preSolution
		Debug|Any CPU = Debug|Any CPU
		Release|Any CPU = Release|Any CPU
	EndGlobalSection
	GlobalSection(ProjectConfigurationPlatforms) = postSolution
		{6EB52BB9-8196-49D9-8E15-57DD584D8028}.Debug|Any CPU.ActiveCfg = Debug|Any CPU
		{6EB52BB9-8196-49D9-8E15-57DD584D8028}.Debug|Any CPU.Build.0 = Debug|Any CPU
		{6EB52BB9-8196-49D9-8E15-57DD584D8028}.Release|Any CPU.ActiveCfg = Release|Any CPU
		{6EB52BB9-8196-49D9-8E15-57DD584D8028}.Release|Any CPU.Build.0 = Release|Any CPU
	EndGlobalSection
EndGlobal
